
Microsoft Visual Studio Solution File, Format Version 12.00
# Visual Studio Version 17
VisualStudioVersion = 17.8.34330.188
MinimumVisualStudioVersion = 10.0.40219.1
Project("{8BC9CEB8-8B4A-11D0-8D11-00A0C91BC942}") = "Base", "src\Base\Base.vcxproj", "{1CB1989D-B84E-4667-A3E4-7E15584C3DB5}"
EndProject
Project("{8BC9CEB8-8B4A-11D0-8D11-00A0C91BC942}") = "Estimator", "src\Estimator\Estimator.vcxproj", "{9FC54064-0116-4B3D-8CC0-496C30C5F2E3}"
EndProject
Project("{8BC9CEB8-8B4A-11D0-8D11-00A0C91BC942}") = "Feature", "src\Feature\Feature.vcxproj", "{8B96DF56-581C-4853-ACE9-2DAE37EC4B2C}"
EndProject
Project("{8BC9CEB8-8B4A-11D0-8D11-00A0C91BC942}") = "Geometry", "src\Geometry\Geometry.vcxproj", "{BEB1E62C-3EBA-4EE4-8066-09D081D7E9A5}"
EndProject
Project("{8BC9CEB8-8B4A-11D0-8D11-00A0C91BC942}") = "Scene", "src\Scene\Scene.vcxproj", "{846469CB-8C73-4946-B636-1D7B21F46B92}"
EndProject
Project("{8BC9CEB8-8B4A-11D0-8D11-00A0C91BC942}") = "UI", "src\UI\UI.vcxproj", "{9319DA1C-36DB-43D2-8C9D-08BD1F340163}"
	ProjectSection(ProjectDependencies) = postProject
		{1CB1989D-B84E-4667-A3E4-7E15584C3DB5} = {1CB1989D-B84E-4667-A3E4-7E15584C3DB5}
		{846469CB-8C73-4946-B636-1D7B21F46B92} = {846469CB-8C73-4946-B636-1D7B21F46B92}
		{8B96DF56-581C-4853-ACE9-2DAE37EC4B2C} = {8B96DF56-581C-4853-ACE9-2DAE37EC4B2C}
		{9DDE63FA-AD61-4EF6-AA25-D0C33B2493F1} = {9DDE63FA-AD61-4EF6-AA25-D0C33B2493F1}
		{9FC54064-0116-4B3D-8CC0-496C30C5F2E3} = {9FC54064-0116-4B3D-8CC0-496C30C5F2E3}
		{A19D6327-4E8C-47D2-B61D-72663301F04B} = {A19D6327-4E8C-47D2-B61D-72663301F04B}
		{BEB1E62C-3EBA-4EE4-8066-09D081D7E9A5} = {BEB1E62C-3EBA-4EE4-8066-09D081D7E9A5}
		{F425B667-4F52-417B-96D5-5EFEA56605BB} = {F425B667-4F52-417B-96D5-5EFEA56605BB}
	EndProjectSection
EndProject
Project("{8BC9CEB8-8B4A-11D0-8D11-00A0C91BC942}") = "Workflow", "src\Workflow\Workflow.vcxproj", "{9DDE63FA-AD61-4EF6-AA25-D0C33B2493F1}"
EndProject
Project("{2150E333-8FDC-42A3-9474-1A3956D46DE8}") = "src", "src", "{EDC661F2-69DC-444D-A045-1A9BC39E9C72}"
EndProject
Project("{2150E333-8FDC-42A3-9474-1A3956D46DE8}") = "thirdparty", "thirdparty", "{2E98AA21-3F1E-44C7-BF7E-BE79E549355E}"
EndProject
Project("{8BC9CEB8-8B4A-11D0-8D11-00A0C91BC942}") = "SIFTGPU", "thirdparty\SIFTGPU\SIFTGPU.vcxproj", "{A19D6327-4E8C-47D2-B61D-72663301F04B}"
EndProject
Project("{8BC9CEB8-8B4A-11D0-8D11-00A0C91BC942}") = "VLFeat", "thirdparty\VLFeat\VLFeat.vcxproj", "{F425B667-4F52-417B-96D5-5EFEA56605BB}"
EndProject
Project("{8BC9CEB8-8B4A-11D0-8D11-00A0C91BC942}") = "EnvTest", "src\EnvTest\EnvTest.vcxproj", "{4E4D20D1-43E4-406C-A745-EA5EE6FF744B}"
EndProject
Global
	GlobalSection(SolutionConfigurationPlatforms) = preSolution
		Debug|x64 = Debug|x64
		Debug|x86 = Debug|x86
		Release|x64 = Release|x64
		Release|x86 = Release|x86
	EndGlobalSection
	GlobalSection(ProjectConfigurationPlatforms) = postSolution
		{1CB1989D-B84E-4667-A3E4-7E15584C3DB5}.Debug|x64.ActiveCfg = Debug|x64
		{1CB1989D-B84E-4667-A3E4-7E15584C3DB5}.Debug|x64.Build.0 = Debug|x64
		{1CB1989D-B84E-4667-A3E4-7E15584C3DB5}.Debug|x86.ActiveCfg = Debug|Win32
		{1CB1989D-B84E-4667-A3E4-7E15584C3DB5}.Debug|x86.Build.0 = Debug|Win32
		{1CB1989D-B84E-4667-A3E4-7E15584C3DB5}.Release|x64.ActiveCfg = Release|x64
		{1CB1989D-B84E-4667-A3E4-7E15584C3DB5}.Release|x64.Build.0 = Release|x64
		{1CB1989D-B84E-4667-A3E4-7E15584C3DB5}.Release|x86.ActiveCfg = Release|Win32
		{1CB1989D-B84E-4667-A3E4-7E15584C3DB5}.Release|x86.Build.0 = Release|Win32
		{9FC54064-0116-4B3D-8CC0-496C30C5F2E3}.Debug|x64.ActiveCfg = Debug|x64
		{9FC54064-0116-4B3D-8CC0-496C30C5F2E3}.Debug|x64.Build.0 = Debug|x64
		{9FC54064-0116-4B3D-8CC0-496C30C5F2E3}.Debug|x86.ActiveCfg = Debug|Win32
		{9FC54064-0116-4B3D-8CC0-496C30C5F2E3}.Debug|x86.Build.0 = Debug|Win32
		{9FC54064-0116-4B3D-8CC0-496C30C5F2E3}.Release|x64.ActiveCfg = Release|x64
		{9FC54064-0116-4B3D-8CC0-496C30C5F2E3}.Release|x64.Build.0 = Release|x64
		{9FC54064-0116-4B3D-8CC0-496C30C5F2E3}.Release|x86.ActiveCfg = Release|Win32
		{9FC54064-0116-4B3D-8CC0-496C30C5F2E3}.Release|x86.Build.0 = Release|Win32
		{8B96DF56-581C-4853-ACE9-2DAE37EC4B2C}.Debug|x64.ActiveCfg = Debug|x64
		{8B96DF56-581C-4853-ACE9-2DAE37EC4B2C}.Debug|x64.Build.0 = Debug|x64
		{8B96DF56-581C-4853-ACE9-2DAE37EC4B2C}.Debug|x86.ActiveCfg = Debug|Win32
		{8B96DF56-581C-4853-ACE9-2DAE37EC4B2C}.Debug|x86.Build.0 = Debug|Win32
		{8B96DF56-581C-4853-ACE9-2DAE37EC4B2C}.Release|x64.ActiveCfg = Release|x64
		{8B96DF56-581C-4853-ACE9-2DAE37EC4B2C}.Release|x64.Build.0 = Release|x64
		{8B96DF56-581C-4853-ACE9-2DAE37EC4B2C}.Release|x86.ActiveCfg = Release|Win32
		{8B96DF56-581C-4853-ACE9-2DAE37EC4B2C}.Release|x86.Build.0 = Release|Win32
		{BEB1E62C-3EBA-4EE4-8066-09D081D7E9A5}.Debug|x64.ActiveCfg = Debug|x64
		{BEB1E62C-3EBA-4EE4-8066-09D081D7E9A5}.Debug|x64.Build.0 = Debug|x64
		{BEB1E62C-3EBA-4EE4-8066-09D081D7E9A5}.Debug|x86.ActiveCfg = Debug|Win32
		{BEB1E62C-3EBA-4EE4-8066-09D081D7E9A5}.Debug|x86.Build.0 = Debug|Win32
		{BEB1E62C-3EBA-4EE4-8066-09D081D7E9A5}.Release|x64.ActiveCfg = Release|x64
		{BEB1E62C-3EBA-4EE4-8066-09D081D7E9A5}.Release|x64.Build.0 = Release|x64
		{BEB1E62C-3EBA-4EE4-8066-09D081D7E9A5}.Release|x86.ActiveCfg = Release|Win32
		{BEB1E62C-3EBA-4EE4-8066-09D081D7E9A5}.Release|x86.Build.0 = Release|Win32
		{846469CB-8C73-4946-B636-1D7B21F46B92}.Debug|x64.ActiveCfg = Debug|x64
		{846469CB-8C73-4946-B636-1D7B21F46B92}.Debug|x64.Build.0 = Debug|x64
		{846469CB-8C73-4946-B636-1D7B21F46B92}.Debug|x86.ActiveCfg = Debug|Win32
		{846469CB-8C73-4946-B636-1D7B21F46B92}.Debug|x86.Build.0 = Debug|Win32
		{846469CB-8C73-4946-B636-1D7B21F46B92}.Release|x64.ActiveCfg = Release|x64
		{846469CB-8C73-4946-B636-1D7B21F46B92}.Release|x64.Build.0 = Release|x64
		{846469CB-8C73-4946-B636-1D7B21F46B92}.Release|x86.ActiveCfg = Release|Win32
		{846469CB-8C73-4946-B636-1D7B21F46B92}.Release|x86.Build.0 = Release|Win32
		{9319DA1C-36DB-43D2-8C9D-08BD1F340163}.Debug|x64.ActiveCfg = Debug|x64
		{9319DA1C-36DB-43D2-8C9D-08BD1F340163}.Debug|x64.Build.0 = Debug|x64
		{9319DA1C-36DB-43D2-8C9D-08BD1F340163}.Debug|x86.ActiveCfg = Debug|x64
		{9319DA1C-36DB-43D2-8C9D-08BD1F340163}.Debug|x86.Build.0 = Debug|x64
		{9319DA1C-36DB-43D2-8C9D-08BD1F340163}.Release|x64.ActiveCfg = Release|x64
		{9319DA1C-36DB-43D2-8C9D-08BD1F340163}.Release|x64.Build.0 = Release|x64
		{9319DA1C-36DB-43D2-8C9D-08BD1F340163}.Release|x86.ActiveCfg = Release|x64
		{9319DA1C-36DB-43D2-8C9D-08BD1F340163}.Release|x86.Build.0 = Release|x64
		{9DDE63FA-AD61-4EF6-AA25-D0C33B2493F1}.Debug|x64.ActiveCfg = Debug|x64
		{9DDE63FA-AD61-4EF6-AA25-D0C33B2493F1}.Debug|x64.Build.0 = Debug|x64
		{9DDE63FA-AD61-4EF6-AA25-D0C33B2493F1}.Debug|x86.ActiveCfg = Debug|Win32
		{9DDE63FA-AD61-4EF6-AA25-D0C33B2493F1}.Debug|x86.Build.0 = Debug|Win32
		{9DDE63FA-AD61-4EF6-AA25-D0C33B2493F1}.Release|x64.ActiveCfg = Release|x64
		{9DDE63FA-AD61-4EF6-AA25-D0C33B2493F1}.Release|x64.Build.0 = Release|x64
		{9DDE63FA-AD61-4EF6-AA25-D0C33B2493F1}.Release|x86.ActiveCfg = Release|Win32
		{9DDE63FA-AD61-4EF6-AA25-D0C33B2493F1}.Release|x86.Build.0 = Release|Win32
		{A19D6327-4E8C-47D2-B61D-72663301F04B}.Debug|x64.ActiveCfg = Debug|x64
		{A19D6327-4E8C-47D2-B61D-72663301F04B}.Debug|x64.Build.0 = Debug|x64
		{A19D6327-4E8C-47D2-B61D-72663301F04B}.Debug|x86.ActiveCfg = Debug|x64
		{A19D6327-4E8C-47D2-B61D-72663301F04B}.Debug|x86.Build.0 = Debug|x64
		{A19D6327-4E8C-47D2-B61D-72663301F04B}.Release|x64.ActiveCfg = Release|x64
		{A19D6327-4E8C-47D2-B61D-72663301F04B}.Release|x64.Build.0 = Release|x64
		{A19D6327-4E8C-47D2-B61D-72663301F04B}.Release|x86.ActiveCfg = Release|x64
		{A19D6327-4E8C-47D2-B61D-72663301F04B}.Release|x86.Build.0 = Release|x64
		{F425B667-4F52-417B-96D5-5EFEA56605BB}.Debug|x64.ActiveCfg = Debug|x64
		{F425B667-4F52-417B-96D5-5EFEA56605BB}.Debug|x64.Build.0 = Debug|x64
		{F425B667-4F52-417B-96D5-5EFEA56605BB}.Debug|x86.ActiveCfg = Debug|Win32
		{F425B667-4F52-417B-96D5-5EFEA56605BB}.Debug|x86.Build.0 = Debug|Win32
		{F425B667-4F52-417B-96D5-5EFEA56605BB}.Release|x64.ActiveCfg = Release|x64
		{F425B667-4F52-417B-96D5-5EFEA56605BB}.Release|x64.Build.0 = Release|x64
		{F425B667-4F52-417B-96D5-5EFEA56605BB}.Release|x86.ActiveCfg = Release|Win32
		{F425B667-4F52-417B-96D5-5EFEA56605BB}.Release|x86.Build.0 = Release|Win32
		{4E4D20D1-43E4-406C-A745-EA5EE6FF744B}.Debug|x64.ActiveCfg = Debug|x64
		{4E4D20D1-43E4-406C-A745-EA5EE6FF744B}.Debug|x64.Build.0 = Debug|x64
		{4E4D20D1-43E4-406C-A745-EA5EE6FF744B}.Debug|x86.ActiveCfg = Debug|Win32
		{4E4D20D1-43E4-406C-A745-EA5EE6FF744B}.Debug|x86.Build.0 = Debug|Win32
		{4E4D20D1-43E4-406C-A745-EA5EE6FF744B}.Release|x64.ActiveCfg = Release|x64
		{4E4D20D1-43E4-406C-A745-EA5EE6FF744B}.Release|x64.Build.0 = Release|x64
		{4E4D20D1-43E4-406C-A745-EA5EE6FF744B}.Release|x86.ActiveCfg = Release|Win32
		{4E4D20D1-43E4-406C-A745-EA5EE6FF744B}.Release|x86.Build.0 = Release|Win32
	EndGlobalSection
	GlobalSection(SolutionProperties) = preSolution
		HideSolutionNode = FALSE
	EndGlobalSection
	GlobalSection(NestedProjects) = preSolution
		{1CB1989D-B84E-4667-A3E4-7E15584C3DB5} = {EDC661F2-69DC-444D-A045-1A9BC39E9C72}
		{9FC54064-0116-4B3D-8CC0-496C30C5F2E3} = {EDC661F2-69DC-444D-A045-1A9BC39E9C72}
		{8B96DF56-581C-4853-ACE9-2DAE37EC4B2C} = {EDC661F2-69DC-444D-A045-1A9BC39E9C72}
		{BEB1E62C-3EBA-4EE4-8066-09D081D7E9A5} = {EDC661F2-69DC-444D-A045-1A9BC39E9C72}
		{846469CB-8C73-4946-B636-1D7B21F46B92} = {EDC661F2-69DC-444D-A045-1A9BC39E9C72}
		{9319DA1C-36DB-43D2-8C9D-08BD1F340163} = {EDC661F2-69DC-444D-A045-1A9BC39E9C72}
		{9DDE63FA-AD61-4EF6-AA25-D0C33B2493F1} = {EDC661F2-69DC-444D-A045-1A9BC39E9C72}
		{A19D6327-4E8C-47D2-B61D-72663301F04B} = {2E98AA21-3F1E-44C7-BF7E-BE79E549355E}
		{F425B667-4F52-417B-96D5-5EFEA56605BB} = {2E98AA21-3F1E-44C7-BF7E-BE79E549355E}
		{4E4D20D1-43E4-406C-A745-EA5EE6FF744B} = {EDC661F2-69DC-444D-A045-1A9BC39E9C72}
	EndGlobalSection
	GlobalSection(ExtensibilityGlobals) = postSolution
		SolutionGuid = {7BB86401-5BD6-41BB-90D8-3B8E8710B26E}
	EndGlobalSection
EndGlobal
